
Microsoft Visual Studio Solution File, Format Version 12.00
# Visual Studio 15
VisualStudioVersion = 15.0.27428.2043
MinimumVisualStudioVersion = 10.0.40219.1
Project("{00D1A9C2-B5F0-4AF3-8072-F6C62B433612}") = "TransactionTask", "TransactionTask\TransactionTask.sqlproj", "{CBAC8CAF-622D-4139-80BB-0B4890D09F69}"
EndProject
Global
	GlobalSection(SolutionConfigurationPlatforms) = preSolution
		Debug|Any CPU = Debug|Any CPU
		Release|Any CPU = Release|Any CPU
	EndGlobalSection
	GlobalSection(ProjectConfigurationPlatforms) = postSolution
		{CBAC8CAF-622D-4139-80BB-0B4890D09F69}.Debug|Any CPU.ActiveCfg = Debug|Any CPU
		{CBAC8CAF-622D-4139-80BB-0B4890D09F69}.Debug|Any CPU.Build.0 = Debug|Any CPU
		{CBAC8CAF-622D-4139-80BB-0B4890D09F69}.Debug|Any CPU.Deploy.0 = Debug|Any CPU
		{CBAC8CAF-622D-4139-80BB-0B4890D09F69}.Release|Any CPU.ActiveCfg = Release|Any CPU
		{CBAC8CAF-622D-4139-80BB-0B4890D09F69}.Release|Any CPU.Build.0 = Release|Any CPU
		{CBAC8CAF-622D-4139-80BB-0B4890D09F69}.Release|Any CPU.Deploy.0 = Release|Any CPU
	EndGlobalSection
	GlobalSection(SolutionProperties) = preSolution
		HideSolutionNode = FALSE
	EndGlobalSection
	GlobalSection(ExtensibilityGlobals) = postSolution
		SolutionGuid = {00A98424-9716-48ED-887A-65EDA468CF48}
	EndGlobalSection
EndGlobal
